# THIS IS AN AUTOGENERATED FILE. DO NOT EDIT THIS FILE DIRECTLY.
# yarn lockfile v1


crypto-js@^4.0.0:
  version "4.0.0"
  resolved "https://registry.npm.taobao.org/crypto-js/download/crypto-js-4.0.0.tgz#2904ab2677a9d042856a2ea2ef80de92e4a36dcc"
  integrity sha1-KQSrJnep0EKFai6i74DekuSjbcw=

prettier@^1.18.2:
  version "1.19.1"
  resolved "https://registry.npm.taobao.org/prettier/download/prettier-1.19.1.tgz?cache=0&sync_timestamp=1606521077298&other_urls=https%3A%2F%2Fregistry.npm.taobao.org%2Fprettier%2Fdownload%2Fprettier-1.19.1.tgz#f7d7f5ff8a9cd872a7be4ca142095956a60797cb"
  integrity sha1-99f1/4qc2HKnvkyhQglZVqYHl8s=
